
Microsoft Visual Studio Solution File, Format Version 12.00
# Visual Studio 15
VisualStudioVersion = 15.0.28010.2050
MinimumVisualStudioVersion = 10.0.40219.1
Project("{FAE04EC0-301F-11D3-BF4B-00C04F79EFBC}") = "Pattern Searching", "Pattern Searching\Pattern Searching.csproj", "{E5A458F6-31BC-45A4-A6A4-5C5417E7689E}"
EndProject
Global
	GlobalSection(SolutionConfigurationPlatforms) = preSolution
		Debug|Any CPU = Debug|Any CPU
		Release|Any CPU = Release|Any CPU
	EndGlobalSection
	GlobalSection(ProjectConfigurationPlatforms) = postSolution
		{E5A458F6-31BC-45A4-A6A4-5C5417E7689E}.Debug|Any CPU.ActiveCfg = Debug|Any CPU
		{E5A458F6-31BC-45A4-A6A4-5C5417E7689E}.Debug|Any CPU.Build.0 = Debug|Any CPU
		{E5A458F6-31BC-45A4-A6A4-5C5417E7689E}.Release|Any CPU.ActiveCfg = Release|Any CPU
		{E5A458F6-31BC-45A4-A6A4-5C5417E7689E}.Release|Any CPU.Build.0 = Release|Any CPU
	EndGlobalSection
	GlobalSection(SolutionProperties) = preSolution
		HideSolutionNode = FALSE
	EndGlobalSection
	GlobalSection(ExtensibilityGlobals) = postSolution
		SolutionGuid = {F4AA1DCB-4EB5-48CB-B96B-3DBC9193EC9C}
	EndGlobalSection
EndGlobal
