
Microsoft Visual Studio Solution File, Format Version 12.00
# Visual Studio Version 16
VisualStudioVersion = 16.0.29215.179
MinimumVisualStudioVersion = 10.0.40219.1
Project("{FAE04EC0-301F-11D3-BF4B-00C04F79EFBC}") = "KalStrings", "KalStrings\KalStrings.csproj", "{FE02BEC3-0F4B-459A-9DE4-B4FBFEC34B79}"
EndProject
Global
	GlobalSection(SolutionConfigurationPlatforms) = preSolution
		Debug|Any CPU = Debug|Any CPU
		Release|Any CPU = Release|Any CPU
	EndGlobalSection
	GlobalSection(ProjectConfigurationPlatforms) = postSolution
		{FE02BEC3-0F4B-459A-9DE4-B4FBFEC34B79}.Debug|Any CPU.ActiveCfg = Debug|Any CPU
		{FE02BEC3-0F4B-459A-9DE4-B4FBFEC34B79}.Debug|Any CPU.Build.0 = Debug|Any CPU
		{FE02BEC3-0F4B-459A-9DE4-B4FBFEC34B79}.Release|Any CPU.ActiveCfg = Release|Any CPU
		{FE02BEC3-0F4B-459A-9DE4-B4FBFEC34B79}.Release|Any CPU.Build.0 = Release|Any CPU
	EndGlobalSection
	GlobalSection(SolutionProperties) = preSolution
		HideSolutionNode = FALSE
	EndGlobalSection
	GlobalSection(ExtensibilityGlobals) = postSolution
		SolutionGuid = {82B979B5-E4E4-4F92-8BCC-35E0E91E9055}
	EndGlobalSection
EndGlobal
