
Microsoft Visual Studio Solution File, Format Version 12.00
# Visual Studio 15
VisualStudioVersion = 15.0.28010.2050
MinimumVisualStudioVersion = 10.0.40219.1
Project("{FAE04EC0-301F-11D3-BF4B-00C04F79EFBC}") = "CodingPractice", "CodingPractice\CodingPractice.csproj", "{360B59DD-EA19-4681-9B8D-C4A3A60A185A}"
EndProject
Project("{FAE04EC0-301F-11D3-BF4B-00C04F79EFBC}") = "CodingPracticeTests", "CodingPracticeTests\CodingPracticeTests.csproj", "{FCA81F33-A8C0-4239-9822-B10C951DA1CF}"
EndProject
Global
	GlobalSection(SolutionConfigurationPlatforms) = preSolution
		Debug|Any CPU = Debug|Any CPU
		Release|Any CPU = Release|Any CPU
	EndGlobalSection
	GlobalSection(ProjectConfigurationPlatforms) = postSolution
		{360B59DD-EA19-4681-9B8D-C4A3A60A185A}.Debug|Any CPU.ActiveCfg = Debug|Any CPU
		{360B59DD-EA19-4681-9B8D-C4A3A60A185A}.Debug|Any CPU.Build.0 = Debug|Any CPU
		{360B59DD-EA19-4681-9B8D-C4A3A60A185A}.Release|Any CPU.ActiveCfg = Release|Any CPU
		{360B59DD-EA19-4681-9B8D-C4A3A60A185A}.Release|Any CPU.Build.0 = Release|Any CPU
		{FCA81F33-A8C0-4239-9822-B10C951DA1CF}.Debug|Any CPU.ActiveCfg = Debug|Any CPU
		{FCA81F33-A8C0-4239-9822-B10C951DA1CF}.Debug|Any CPU.Build.0 = Debug|Any CPU
		{FCA81F33-A8C0-4239-9822-B10C951DA1CF}.Release|Any CPU.ActiveCfg = Release|Any CPU
		{FCA81F33-A8C0-4239-9822-B10C951DA1CF}.Release|Any CPU.Build.0 = Release|Any CPU
	EndGlobalSection
	GlobalSection(SolutionProperties) = preSolution
		HideSolutionNode = FALSE
	EndGlobalSection
	GlobalSection(ExtensibilityGlobals) = postSolution
		SolutionGuid = {25E75C09-6EB4-4ADF-8E18-B99DB6CB87CC}
	EndGlobalSection
EndGlobal
